{
  "nodes": {
    "carla-stable": {
      "inputs": {
        "nixpkgs": [
          "nixpkgs-stable"
        ]
      },
      "locked": {
        "lastModified": 1703287571,
        "narHash": "sha256-/jXPJLJdDK/K0u3cW33z6uegZxakFXTJNvsnp8J+fss=",
        "owner": "CTU-IIG",
        "repo": "carla-simulator.nix",
        "rev": "44564caba30278d188eb8a8e9ee27109405834b1",
        "type": "github"
      },
      "original": {
        "owner": "CTU-IIG",
        "repo": "carla-simulator.nix",
        "type": "github"
      }
    },
    "emacs-overlay": {
      "inputs": {
        "flake-utils": "flake-utils",
        "nixpkgs": [
          "nixpkgs"
        ],
        "nixpkgs-stable": [
          "nixpkgs-stable"
        ]
      },
      "locked": {
        "lastModified": 1709197479,
        "narHash": "sha256-2+Mu5f6sru7wfAXTo21EfYlTGEo4j8ddl4LrsBiv/6A=",
        "owner": "nix-community",
        "repo": "emacs-overlay",
        "rev": "88cb60b6c44861e422302371c0761a89377cf2c7",
        "type": "github"
      },
      "original": {
        "owner": "nix-community",
        "repo": "emacs-overlay",
        "type": "github"
      }
    },
    "findrepo": {
      "locked": {
        "lastModified": 1699829046,
        "narHash": "sha256-IUruZgZ0Z+Q6HqWCxEMlod8YJ9k8D7K3r4sLFp3k4wU=",
        "owner": "wentasah",
        "repo": "findrepo",
        "rev": "7d4189fe3065b65e3886035f345210a038d153a3",
        "type": "github"
      },
      "original": {
        "owner": "wentasah",
        "repo": "findrepo",
        "type": "github"
      }
    },
    "flake-compat": {
      "locked": {
        "lastModified": 1696426674,
        "narHash": "sha256-kvjfFW7WAETZlt09AgDn1MrtKzP7t90Vf7vypd3OL1U=",
        "rev": "0f9255e01c2351cc7d116c072cb317785dd33b33",
        "revCount": 57,
        "type": "tarball",
        "url": "https://api.flakehub.com/f/pinned/edolstra/flake-compat/1.0.1/018afb31-abd1-7bff-a5e4-cff7e18efb7a/source.tar.gz"
      },
      "original": {
        "type": "tarball",
        "url": "https://flakehub.com/f/edolstra/flake-compat/1.tar.gz"
      }
    },
    "flake-utils": {
      "inputs": {
        "systems": "systems"
      },
      "locked": {
        "lastModified": 1709126324,
        "narHash": "sha256-q6EQdSeUZOG26WelxqkmR7kArjgWCdw5sfJVHPH/7j8=",
        "owner": "numtide",
        "repo": "flake-utils",
        "rev": "d465f4819400de7c8d874d50b982301f28a84605",
        "type": "github"
      },
      "original": {
        "owner": "numtide",
        "repo": "flake-utils",
        "type": "github"
      }
    },
    "flake-utils_2": {
      "locked": {
        "lastModified": 1649676176,
        "narHash": "sha256-OWKJratjt2RW151VUlJPRALb7OU2S5s+f0vLj4o1bHM=",
        "owner": "numtide",
        "repo": "flake-utils",
        "rev": "a4b154ebbdc88c8498a5c7b01589addc9e9cb678",
        "type": "github"
      },
      "original": {
        "owner": "numtide",
        "repo": "flake-utils",
        "type": "github"
      }
    },
    "flake-utils_3": {
      "inputs": {
        "systems": "systems_2"
      },
      "locked": {
        "lastModified": 1685518550,
        "narHash": "sha256-o2d0KcvaXzTrPRIo0kOLV0/QXHhDQ5DTi+OxcjO8xqY=",
        "owner": "numtide",
        "repo": "flake-utils",
        "rev": "a1720a10a6cfe8234c0e93907ffe81be440f4cef",
        "type": "github"
      },
      "original": {
        "owner": "numtide",
        "repo": "flake-utils",
        "type": "github"
      }
    },
    "flake-utils_4": {
      "locked": {
        "lastModified": 1648297722,
        "narHash": "sha256-W+qlPsiZd8F3XkzXOzAoR+mpFqzm3ekQkJNa+PIh1BQ=",
        "owner": "numtide",
        "repo": "flake-utils",
        "rev": "0f8662f1319ad6abf89b3380dd2722369fc51ade",
        "type": "github"
      },
      "original": {
        "owner": "numtide",
        "repo": "flake-utils",
        "type": "github"
      }
    },
    "flake-utils_5": {
      "inputs": {
        "systems": "systems_3"
      },
      "locked": {
        "lastModified": 1681202837,
        "narHash": "sha256-H+Rh19JDwRtpVPAWp64F+rlEtxUWBAQW28eAi3SRSzg=",
        "owner": "numtide",
        "repo": "flake-utils",
        "rev": "cfacdce06f30d2b68473a46042957675eebb3401",
        "type": "github"
      },
      "original": {
        "owner": "numtide",
        "repo": "flake-utils",
        "type": "github"
      }
    },
    "home-manager": {
      "inputs": {
        "nixpkgs": [
          "nixpkgs"
        ]
      },
      "locked": {
        "lastModified": 1703368619,
        "narHash": "sha256-ZGPMYL7FMA6enhuwby961bBANmoFX14EA86m2/Jw5Jo=",
        "owner": "nix-community",
        "repo": "home-manager",
        "rev": "a2523ea0343b056ba240abbac90ab5f116a7aa7b",
        "type": "github"
      },
      "original": {
        "owner": "nix-community",
        "repo": "home-manager",
        "type": "github"
      }
    },
    "home-manager-stable": {
      "inputs": {
        "nixpkgs": [
          "nixpkgs-stable"
        ]
      },
      "locked": {
        "lastModified": 1700814205,
        "narHash": "sha256-lWqDPKHRbQfi+zNIivf031BUeyciVOtwCwTjyrhDB5g=",
        "owner": "nix-community",
        "repo": "home-manager",
        "rev": "aeb2232d7a32530d3448318790534d196bf9427a",
        "type": "github"
      },
      "original": {
        "owner": "nix-community",
        "ref": "release-23.11",
        "repo": "home-manager",
        "type": "github"
      }
    },
    "nix-autobahn": {
      "inputs": {
        "flake-utils": "flake-utils_2",
        "nixpkgs": [
          "nixpkgs"
        ]
      },
      "locked": {
        "lastModified": 1650132562,
        "narHash": "sha256-h51KOeqabmr6Ug7Cj8mO/EyMo/0wiTb5R364ovh2dp0=",
        "owner": "Lassulus",
        "repo": "nix-autobahn",
        "rev": "9122088c5d58ca86b26ee4eda9ce6745f2c9555e",
        "type": "github"
      },
      "original": {
        "owner": "Lassulus",
        "repo": "nix-autobahn",
        "type": "github"
      }
    },
    "nix-index-database": {
      "inputs": {
        "nixpkgs": [
          "nixpkgs"
        ]
      },
      "locked": {
        "lastModified": 1708830466,
        "narHash": "sha256-nGKe3Y1/jkLR2eh1aRSVBtKadMBNv8kOnB52UXqRy6A=",
        "owner": "Mic92",
        "repo": "nix-index-database",
        "rev": "f070c7eeec3bde8c8c8baa9c02b6d3d5e114d73b",
        "type": "github"
      },
      "original": {
        "owner": "Mic92",
        "repo": "nix-index-database",
        "type": "github"
      }
    },
    "nixos-hardware": {
      "locked": {
        "lastModified": 1704632650,
        "narHash": "sha256-83J/nd/NoLqo3vj0S0Ppqe8L+ijIFiGL6HNDfCCUD/Q=",
        "owner": "NixOS",
        "repo": "nixos-hardware",
        "rev": "c478b3d56969006e015e55aaece4931f3600c1b2",
        "type": "github"
      },
      "original": {
        "owner": "NixOS",
        "repo": "nixos-hardware",
        "type": "github"
      }
    },
    "nixpkgs": {
      "locked": {
        "lastModified": 1709237383,
        "narHash": "sha256-Xfh8TWirja9F0HJ5HXtyq+EB12vz9jewIFORfVtP3NE=",
        "owner": "wentasah",
        "repo": "nixpkgs",
        "rev": "5735d964d12424aaf5ead1ffd50e99ebc8f88767",
        "type": "github"
      },
      "original": {
        "owner": "wentasah",
        "ref": "master",
        "repo": "nixpkgs",
        "type": "github"
      }
    },
    "nixpkgs-stable": {
      "locked": {
        "lastModified": 1709309926,
        "narHash": "sha256-VZFBtXGVD9LWTecGi6eXrE0hJ/mVB3zGUlHImUs2Qak=",
        "owner": "NixOS",
        "repo": "nixpkgs",
        "rev": "79baff8812a0d68e24a836df0a364c678089e2c7",
        "type": "github"
      },
      "original": {
        "owner": "NixOS",
        "ref": "nixos-23.11",
        "repo": "nixpkgs",
        "type": "github"
      }
    },
    "nixseparatedebuginfod": {
      "inputs": {
        "flake-utils": "flake-utils_3",
        "nixpkgs": [
          "nixpkgs"
        ]
      },
      "locked": {
        "lastModified": 1701000000,
        "narHash": "sha256-YclZV0n36KnkEZNcHxWqmuhdBa6eB8Wdmwcf5EMYEp4=",
        "owner": "symphorien",
        "repo": "nixseparatedebuginfod",
        "rev": "c8e79d5b228b71686172ff6626394bed2ad7b7a3",
        "type": "github"
      },
      "original": {
        "owner": "symphorien",
        "repo": "nixseparatedebuginfod",
        "type": "github"
      }
    },
    "notify-while-running": {
      "flake": false,
      "locked": {
        "lastModified": 1638137949,
        "narHash": "sha256-ir0EEiHiHtUOUZY4Ix4YYsS31rbFPYhCDuiSNlQgztw=",
        "owner": "wentasah",
        "repo": "notify-while-running",
        "rev": "254b87a5801b4ff5f57d16abc019d92e63edcdac",
        "type": "github"
      },
      "original": {
        "owner": "wentasah",
        "repo": "notify-while-running",
        "type": "github"
      }
    },
    "novaboot": {
      "inputs": {
        "flake-utils": "flake-utils_4",
        "nixpkgs": [
          "nixpkgs"
        ]
      },
      "locked": {
        "lastModified": 1664225263,
        "narHash": "sha256-qsXDBxuHnBNkC9UQw4M3HZ1zNMTzsQC98CwXm50g2kI=",
        "owner": "wentasah",
        "repo": "novaboot",
        "rev": "f069d18ce46b91bcc8fffb3cdacd170927226f6f",
        "type": "github"
      },
      "original": {
        "owner": "wentasah",
        "ref": "nfs",
        "repo": "novaboot",
        "type": "github"
      }
    },
    "root": {
      "inputs": {
        "carla-stable": "carla-stable",
        "emacs-overlay": "emacs-overlay",
        "findrepo": "findrepo",
        "flake-compat": "flake-compat",
        "home-manager": "home-manager",
        "home-manager-stable": "home-manager-stable",
        "nix-autobahn": "nix-autobahn",
        "nix-index-database": "nix-index-database",
        "nixos-hardware": "nixos-hardware",
        "nixpkgs": "nixpkgs",
        "nixpkgs-stable": "nixpkgs-stable",
        "nixseparatedebuginfod": "nixseparatedebuginfod",
        "notify-while-running": "notify-while-running",
        "novaboot": "novaboot",
        "shdw": "shdw",
        "sops-nix": "sops-nix",
        "sterm": "sterm",
        "tree-sitter-typst": "tree-sitter-typst"
      }
    },
    "shdw": {
      "inputs": {
        "flake-utils": "flake-utils_5",
        "nixpkgs": [
          "nixpkgs"
        ]
      },
      "locked": {
        "lastModified": 1684328567,
        "narHash": "sha256-r8akQF1jK+nGVQ3mMQpWXK1K5K9xUrsubnbiCkT4WL0=",
        "owner": "wentasah",
        "repo": "shdw",
        "rev": "2e10e823e8b6d44f7d3332301b9772423f4c949a",
        "type": "github"
      },
      "original": {
        "owner": "wentasah",
        "repo": "shdw",
        "type": "github"
      }
    },
    "sops-nix": {
      "inputs": {
        "nixpkgs": [
          "nixpkgs"
        ],
        "nixpkgs-stable": [
          "nixpkgs-stable"
        ]
      },
      "locked": {
        "lastModified": 1700967639,
        "narHash": "sha256-uuUwD/O1QcVk+TWPZFwl4ioUkC8iACj0jEXSyE/wGPI=",
        "owner": "Mic92",
        "repo": "sops-nix",
        "rev": "4be58d802693d7def8622ff34d36714f8db40371",
        "type": "github"
      },
      "original": {
        "owner": "Mic92",
        "repo": "sops-nix",
        "type": "github"
      }
    },
    "sterm": {
      "inputs": {
        "nixpkgs": [
          "nixpkgs"
        ]
      },
      "locked": {
        "lastModified": 1661025608,
        "narHash": "sha256-RJD0js+10s18ovDy0b/edPdQ+H4rc6V0UI0YjGK4rL0=",
        "owner": "wentasah",
        "repo": "sterm",
        "rev": "e306235a2980675b9bce6e115b68e9bdccc0f684",
        "type": "github"
      },
      "original": {
        "owner": "wentasah",
        "repo": "sterm",
        "type": "github"
      }
    },
    "systems": {
      "locked": {
        "lastModified": 1681028828,
        "narHash": "sha256-Vy1rq5AaRuLzOxct8nz4T6wlgyUR7zLU309k9mBC768=",
        "owner": "nix-systems",
        "repo": "default",
        "rev": "da67096a3b9bf56a91d16901293e51ba5b49a27e",
        "type": "github"
      },
      "original": {
        "owner": "nix-systems",
        "repo": "default",
        "type": "github"
      }
    },
    "systems_2": {
      "locked": {
        "lastModified": 1681028828,
        "narHash": "sha256-Vy1rq5AaRuLzOxct8nz4T6wlgyUR7zLU309k9mBC768=",
        "owner": "nix-systems",
        "repo": "default",
        "rev": "da67096a3b9bf56a91d16901293e51ba5b49a27e",
        "type": "github"
      },
      "original": {
        "owner": "nix-systems",
        "repo": "default",
        "type": "github"
      }
    },
    "systems_3": {
      "locked": {
        "lastModified": 1681028828,
        "narHash": "sha256-Vy1rq5AaRuLzOxct8nz4T6wlgyUR7zLU309k9mBC768=",
        "owner": "nix-systems",
        "repo": "default",
        "rev": "da67096a3b9bf56a91d16901293e51ba5b49a27e",
        "type": "github"
      },
      "original": {
        "owner": "nix-systems",
        "repo": "default",
        "type": "github"
      }
    },
    "tree-sitter-typst": {
      "flake": false,
      "locked": {
        "lastModified": 1701014344,
        "narHash": "sha256-yvQHrhzlmBMGy0pxHqaaqE4ktt29P2NzDqhLuKwJSc0=",
        "owner": "uben0",
        "repo": "tree-sitter-typst",
        "rev": "1651d6e40f742ad67e3df7b5a1d34c0fadd516a5",
        "type": "github"
      },
      "original": {
        "owner": "uben0",
        "repo": "tree-sitter-typst",
        "type": "github"
      }
    }
  },
  "root": "root",
  "version": 7
}
