{
  "nodes": {
    "emacs-overlay": {
      "locked": {
        "lastModified": 1650085329,
        "narHash": "sha256-vIN4Rfq1dT48wJgLsjP5b9pZymliFv2amHRLjCkyDSs=",
        "owner": "nix-community",
        "repo": "emacs-overlay",
        "rev": "6fbb210637d80ab228cf2cab60ef59996ce76391",
        "type": "github"
      },
      "original": {
        "owner": "nix-community",
        "repo": "emacs-overlay",
        "type": "github"
      }
    },
    "flake-compat": {
      "flake": false,
      "locked": {
        "lastModified": 1650374568,
        "narHash": "sha256-Z+s0J8/r907g149rllvwhb4pKi8Wam5ij0st8PwAh+E=",
        "owner": "edolstra",
        "repo": "flake-compat",
        "rev": "b4a34015c698c7793d592d66adbab377907a2be8",
        "type": "github"
      },
      "original": {
        "owner": "edolstra",
        "repo": "flake-compat",
        "type": "github"
      }
    },
    "flake-utils": {
      "locked": {
        "lastModified": 1648297722,
        "narHash": "sha256-W+qlPsiZd8F3XkzXOzAoR+mpFqzm3ekQkJNa+PIh1BQ=",
        "owner": "numtide",
        "repo": "flake-utils",
        "rev": "0f8662f1319ad6abf89b3380dd2722369fc51ade",
        "type": "github"
      },
      "original": {
        "owner": "numtide",
        "repo": "flake-utils",
        "type": "github"
      }
    },
    "home-manager": {
      "inputs": {
        "flake-compat": "flake-compat",
        "nixpkgs": [
          "nixpkgs"
        ],
        "nmd": "nmd",
        "nmt": "nmt",
        "utils": "utils"
      },
      "locked": {
        "lastModified": 1654628474,
        "narHash": "sha256-Llm9X8Af15uC9IMStxqjCfO15WgYTqTnsQq8wMcpp5Q=",
        "owner": "nix-community",
        "repo": "home-manager",
        "rev": "70824bb5c790b820b189f62f643f795b1d2ade2e",
        "type": "github"
      },
      "original": {
        "owner": "nix-community",
        "repo": "home-manager",
        "type": "github"
      }
    },
    "nixos-hardware": {
      "locked": {
        "lastModified": 1643980037,
        "narHash": "sha256-RdVHt2mD408WXMjQIOLvUzy8cSUHu8NAbilDmPVxf7E=",
        "owner": "NixOS",
        "repo": "nixos-hardware",
        "rev": "9886a06e4745edb31587d0e9481ad82d35f0d593",
        "type": "github"
      },
      "original": {
        "owner": "NixOS",
        "repo": "nixos-hardware",
        "type": "github"
      }
    },
    "nixpkgs": {
      "locked": {
        "lastModified": 1654230545,
        "narHash": "sha256-uCzv9Pe6XoYnTnXwJV3UUha5+CAnd/a+mv4Ub5m0CCw=",
        "owner": "wentasah",
        "repo": "nixpkgs",
        "rev": "d393d72d7ef660a58a1ab899fccbb7174e16f914",
        "type": "github"
      },
      "original": {
        "owner": "wentasah",
        "ref": "master",
        "repo": "nixpkgs",
        "type": "github"
      }
    },
    "nixpkgs-stable": {
      "locked": {
        "lastModified": 1649537291,
        "narHash": "sha256-V6VYIwTeI5BCfYK9f5EsMbjsjsis1rUDHMsaDbTvt+A=",
        "owner": "NixOS",
        "repo": "nixpkgs",
        "rev": "715dc137b08213aabbbe0965b78ab938e5d8d3b7",
        "type": "github"
      },
      "original": {
        "owner": "NixOS",
        "ref": "nixos-21.11",
        "repo": "nixpkgs",
        "type": "github"
      }
    },
    "nmd": {
      "flake": false,
      "locked": {
        "lastModified": 1653339422,
        "narHash": "sha256-8nc7lcYOgih3YEmRMlBwZaLLJYpLPYKBlewqHqx8ieg=",
        "owner": "rycee",
        "repo": "nmd",
        "rev": "9e7a20e6ee3f6751f699f79c0b299390f81f7bcd",
        "type": "gitlab"
      },
      "original": {
        "owner": "rycee",
        "repo": "nmd",
        "type": "gitlab"
      }
    },
    "nmt": {
      "flake": false,
      "locked": {
        "lastModified": 1648075362,
        "narHash": "sha256-u36WgzoA84dMVsGXzml4wZ5ckGgfnvS0ryzo/3zn/Pc=",
        "owner": "rycee",
        "repo": "nmt",
        "rev": "d83601002c99b78c89ea80e5e6ba21addcfe12ae",
        "type": "gitlab"
      },
      "original": {
        "owner": "rycee",
        "repo": "nmt",
        "type": "gitlab"
      }
    },
    "notify-while-running": {
      "flake": false,
      "locked": {
        "lastModified": 1638137949,
        "narHash": "sha256-ir0EEiHiHtUOUZY4Ix4YYsS31rbFPYhCDuiSNlQgztw=",
        "owner": "wentasah",
        "repo": "notify-while-running",
        "rev": "254b87a5801b4ff5f57d16abc019d92e63edcdac",
        "type": "github"
      },
      "original": {
        "owner": "wentasah",
        "repo": "notify-while-running",
        "type": "github"
      }
    },
    "novaboot": {
      "inputs": {
        "flake-utils": "flake-utils",
        "nixpkgs": [
          "nixpkgs"
        ]
      },
      "locked": {
        "lastModified": 1651013166,
        "narHash": "sha256-wwUdD0Eru/2aG9rVqyy5iF157EOMYpF8KU8EtGGFqjU=",
        "owner": "wentasah",
        "repo": "novaboot",
        "rev": "c146c6310da4c14f2e5daf52d2e1b609f25b14f8",
        "type": "github"
      },
      "original": {
        "owner": "wentasah",
        "ref": "nfs",
        "repo": "novaboot",
        "type": "github"
      }
    },
    "root": {
      "inputs": {
        "emacs-overlay": "emacs-overlay",
        "home-manager": "home-manager",
        "nixos-hardware": "nixos-hardware",
        "nixpkgs": "nixpkgs",
        "nixpkgs-stable": "nixpkgs-stable",
        "notify-while-running": "notify-while-running",
        "novaboot": "novaboot",
        "sterm": "sterm"
      }
    },
    "sterm": {
      "inputs": {
        "nixpkgs": [
          "nixpkgs"
        ]
      },
      "locked": {
        "lastModified": 1654787204,
        "narHash": "sha256-SFzlL4FxwazJqzMPvLPT0IVWaYqV+NMdHxOEOawZ9Z8=",
        "owner": "wentasah",
        "repo": "sterm",
        "rev": "aec0022e09119ec4e0cf8ba85515cbde907384b6",
        "type": "github"
      },
      "original": {
        "owner": "wentasah",
        "repo": "sterm",
        "type": "github"
      }
    },
    "utils": {
      "locked": {
        "lastModified": 1653893745,
        "narHash": "sha256-0jntwV3Z8//YwuOjzhV2sgJJPt+HY6KhU7VZUL0fKZQ=",
        "owner": "numtide",
        "repo": "flake-utils",
        "rev": "1ed9fb1935d260de5fe1c2f7ee0ebaae17ed2fa1",
        "type": "github"
      },
      "original": {
        "owner": "numtide",
        "repo": "flake-utils",
        "type": "github"
      }
    }
  },
  "root": "root",
  "version": 7
}
