{
  "nodes": {
    "emacs-overlay": {
      "inputs": {
        "flake-utils": "flake-utils",
        "nixpkgs": [
          "nixpkgs"
        ]
      },
      "locked": {
        "lastModified": 1665824418,
        "narHash": "sha256-OZX8io9UKzxFAwdRvf4uOThDFpGtlbMyi13RbqIpmoY=",
        "owner": "nix-community",
        "repo": "emacs-overlay",
        "rev": "08445dd7824253ee8580f06127460a7d14e942cf",
        "type": "github"
      },
      "original": {
        "owner": "nix-community",
        "repo": "emacs-overlay",
        "type": "github"
      }
    },
    "flake-utils": {
      "locked": {
        "lastModified": 1659877975,
        "narHash": "sha256-zllb8aq3YO3h8B/U0/J1WBgAL8EX5yWf5pMj3G0NAmc=",
        "owner": "numtide",
        "repo": "flake-utils",
        "rev": "c0e246b9b83f637f4681389ecabcb2681b4f3af0",
        "type": "github"
      },
      "original": {
        "owner": "numtide",
        "repo": "flake-utils",
        "type": "github"
      }
    },
    "flake-utils_2": {
      "locked": {
        "lastModified": 1649676176,
        "narHash": "sha256-OWKJratjt2RW151VUlJPRALb7OU2S5s+f0vLj4o1bHM=",
        "owner": "numtide",
        "repo": "flake-utils",
        "rev": "a4b154ebbdc88c8498a5c7b01589addc9e9cb678",
        "type": "github"
      },
      "original": {
        "owner": "numtide",
        "repo": "flake-utils",
        "type": "github"
      }
    },
    "flake-utils_3": {
      "locked": {
        "lastModified": 1648297722,
        "narHash": "sha256-W+qlPsiZd8F3XkzXOzAoR+mpFqzm3ekQkJNa+PIh1BQ=",
        "owner": "numtide",
        "repo": "flake-utils",
        "rev": "0f8662f1319ad6abf89b3380dd2722369fc51ade",
        "type": "github"
      },
      "original": {
        "owner": "numtide",
        "repo": "flake-utils",
        "type": "github"
      }
    },
    "home-manager": {
      "inputs": {
        "nixpkgs": [
          "nixpkgs"
        ],
        "utils": "utils"
      },
      "locked": {
        "lastModified": 1665655007,
        "narHash": "sha256-34ZMJlgqJb73RY/gJz8B4cjdM5ukas2crMYQpmyRGeQ=",
        "owner": "nix-community",
        "repo": "home-manager",
        "rev": "8cbc6500dfca22d907054f68c564019b3b6cf295",
        "type": "github"
      },
      "original": {
        "owner": "nix-community",
        "repo": "home-manager",
        "type": "github"
      }
    },
    "home-manager-stable": {
      "inputs": {
        "nixpkgs": [
          "nixpkgs-stable"
        ]
      },
      "locked": {
        "lastModified": 1656169755,
        "narHash": "sha256-Nlnm4jeQWEGjYrE6hxi/7HYHjBSZ/E0RtjCYifnNsWk=",
        "owner": "nix-community",
        "repo": "home-manager",
        "rev": "4a3d01fb53f52ac83194081272795aa4612c2381",
        "type": "github"
      },
      "original": {
        "owner": "nix-community",
        "ref": "release-22.05",
        "repo": "home-manager",
        "type": "github"
      }
    },
    "nix-autobahn": {
      "inputs": {
        "flake-utils": "flake-utils_2",
        "nixpkgs": [
          "nixpkgs"
        ]
      },
      "locked": {
        "lastModified": 1650132562,
        "narHash": "sha256-h51KOeqabmr6Ug7Cj8mO/EyMo/0wiTb5R364ovh2dp0=",
        "owner": "Lassulus",
        "repo": "nix-autobahn",
        "rev": "9122088c5d58ca86b26ee4eda9ce6745f2c9555e",
        "type": "github"
      },
      "original": {
        "owner": "Lassulus",
        "repo": "nix-autobahn",
        "type": "github"
      }
    },
    "nixos-hardware": {
      "locked": {
        "lastModified": 1660407119,
        "narHash": "sha256-04lWO0pDbhAXFdL4v2VzzwgxrZ5IefKn+TmZPiPeKxg=",
        "owner": "NixOS",
        "repo": "nixos-hardware",
        "rev": "12620020f76b1b5d2b0e6fbbda831ed4f5fe56e1",
        "type": "github"
      },
      "original": {
        "owner": "NixOS",
        "repo": "nixos-hardware",
        "type": "github"
      }
    },
    "nixpkgs": {
      "locked": {
        "lastModified": 1664780719,
        "narHash": "sha256-bhqMtDkrBVAvIQ/2CDmCOqHOr8Wco1Mpermyq4P0nMc=",
        "owner": "wentasah",
        "repo": "nixpkgs",
        "rev": "22d8ae3035eaec95fa84fd2500c7dbdd6baf94fa",
        "type": "github"
      },
      "original": {
        "owner": "wentasah",
        "ref": "master",
        "repo": "nixpkgs",
        "type": "github"
      }
    },
    "nixpkgs-stable": {
      "locked": {
        "lastModified": 1661427965,
        "narHash": "sha256-LJeSDbiebN0/eRt9vyOm+Bxljdsq5ZdalmmTk9Xpp30=",
        "owner": "NixOS",
        "repo": "nixpkgs",
        "rev": "058de3818577db19d1965c21e2479916a3eaaf95",
        "type": "github"
      },
      "original": {
        "owner": "NixOS",
        "ref": "nixos-22.05",
        "repo": "nixpkgs",
        "type": "github"
      }
    },
    "notify-while-running": {
      "flake": false,
      "locked": {
        "lastModified": 1638137949,
        "narHash": "sha256-ir0EEiHiHtUOUZY4Ix4YYsS31rbFPYhCDuiSNlQgztw=",
        "owner": "wentasah",
        "repo": "notify-while-running",
        "rev": "254b87a5801b4ff5f57d16abc019d92e63edcdac",
        "type": "github"
      },
      "original": {
        "owner": "wentasah",
        "repo": "notify-while-running",
        "type": "github"
      }
    },
    "novaboot": {
      "inputs": {
        "flake-utils": "flake-utils_3",
        "nixpkgs": [
          "nixpkgs"
        ]
      },
      "locked": {
        "lastModified": 1664225263,
        "narHash": "sha256-qsXDBxuHnBNkC9UQw4M3HZ1zNMTzsQC98CwXm50g2kI=",
        "owner": "wentasah",
        "repo": "novaboot",
        "rev": "f069d18ce46b91bcc8fffb3cdacd170927226f6f",
        "type": "github"
      },
      "original": {
        "owner": "wentasah",
        "ref": "nfs",
        "repo": "novaboot",
        "type": "github"
      }
    },
    "root": {
      "inputs": {
        "emacs-overlay": "emacs-overlay",
        "home-manager": "home-manager",
        "home-manager-stable": "home-manager-stable",
        "nix-autobahn": "nix-autobahn",
        "nixos-hardware": "nixos-hardware",
        "nixpkgs": "nixpkgs",
        "nixpkgs-stable": "nixpkgs-stable",
        "notify-while-running": "notify-while-running",
        "novaboot": "novaboot",
        "sterm": "sterm"
      }
    },
    "sterm": {
      "inputs": {
        "nixpkgs": [
          "nixpkgs"
        ]
      },
      "locked": {
        "lastModified": 1661025608,
        "narHash": "sha256-RJD0js+10s18ovDy0b/edPdQ+H4rc6V0UI0YjGK4rL0=",
        "owner": "wentasah",
        "repo": "sterm",
        "rev": "e306235a2980675b9bce6e115b68e9bdccc0f684",
        "type": "github"
      },
      "original": {
        "owner": "wentasah",
        "repo": "sterm",
        "type": "github"
      }
    },
    "utils": {
      "locked": {
        "lastModified": 1659877975,
        "narHash": "sha256-zllb8aq3YO3h8B/U0/J1WBgAL8EX5yWf5pMj3G0NAmc=",
        "owner": "numtide",
        "repo": "flake-utils",
        "rev": "c0e246b9b83f637f4681389ecabcb2681b4f3af0",
        "type": "github"
      },
      "original": {
        "owner": "numtide",
        "repo": "flake-utils",
        "type": "github"
      }
    }
  },
  "root": "root",
  "version": 7
}
